
Microsoft Visual Studio Solution File, Format Version 12.00
# Visual Studio Version 17
VisualStudioVersion = 17.6.33829.357
MinimumVisualStudioVersion = 10.0.40219.1
Project("{FAE04EC0-301F-11D3-BF4B-00C04F79EFBC}") = "Backend", "Backend\Backend.csproj", "{8DF48378-6EFD-44A9-A5E7-91D682AD1E27}"
EndProject
Project("{FAE04EC0-301F-11D3-BF4B-00C04F79EFBC}") = "Frontend", "Frontend\Frontend.csproj", "{D5100B74-3523-4222-A8A5-78F20D42EB6F}"
EndProject
Global
	GlobalSection(SolutionConfigurationPlatforms) = preSolution
		Debug|Any CPU = Debug|Any CPU
		Release|Any CPU = Release|Any CPU
	EndGlobalSection
	GlobalSection(ProjectConfigurationPlatforms) = postSolution
		{8DF48378-6EFD-44A9-A5E7-91D682AD1E27}.Debug|Any CPU.ActiveCfg = Debug|Any CPU
		{8DF48378-6EFD-44A9-A5E7-91D682AD1E27}.Debug|Any CPU.Build.0 = Debug|Any CPU
		{8DF48378-6EFD-44A9-A5E7-91D682AD1E27}.Release|Any CPU.ActiveCfg = Release|Any CPU
		{8DF48378-6EFD-44A9-A5E7-91D682AD1E27}.Release|Any CPU.Build.0 = Release|Any CPU
		{D5100B74-3523-4222-A8A5-78F20D42EB6F}.Debug|Any CPU.ActiveCfg = Debug|Any CPU
		{D5100B74-3523-4222-A8A5-78F20D42EB6F}.Debug|Any CPU.Build.0 = Debug|Any CPU
		{D5100B74-3523-4222-A8A5-78F20D42EB6F}.Release|Any CPU.ActiveCfg = Release|Any CPU
		{D5100B74-3523-4222-A8A5-78F20D42EB6F}.Release|Any CPU.Build.0 = Release|Any CPU
	EndGlobalSection
	GlobalSection(SolutionProperties) = preSolution
		HideSolutionNode = FALSE
	EndGlobalSection
	GlobalSection(ExtensibilityGlobals) = postSolution
		SolutionGuid = {44EDA907-008B-46AD-8AC5-E565C8A8625F}
	EndGlobalSection
EndGlobal
